
Microsoft Visual Studio Solution File, Format Version 12.00
# Visual Studio Version 17
VisualStudioVersion = 17.10.35013.160
MinimumVisualStudioVersion = 10.0.40219.1
Project("{FAE04EC0-301F-11D3-BF4B-00C04F79EFBC}") = "Drawing Canvas", "Drawing Canvas\Drawing Canvas.csproj", "{52010C4B-99C0-417C-8BFD-28561B3BC6D5}"
EndProject
Global
	GlobalSection(SolutionConfigurationPlatforms) = preSolution
		Debug|Any CPU = Debug|Any CPU
		Release|Any CPU = Release|Any CPU
	EndGlobalSection
	GlobalSection(ProjectConfigurationPlatforms) = postSolution
		{52010C4B-99C0-417C-8BFD-28561B3BC6D5}.Debug|Any CPU.ActiveCfg = Debug|Any CPU
		{52010C4B-99C0-417C-8BFD-28561B3BC6D5}.Debug|Any CPU.Build.0 = Debug|Any CPU
		{52010C4B-99C0-417C-8BFD-28561B3BC6D5}.Release|Any CPU.ActiveCfg = Release|Any CPU
		{52010C4B-99C0-417C-8BFD-28561B3BC6D5}.Release|Any CPU.Build.0 = Release|Any CPU
	EndGlobalSection
	GlobalSection(SolutionProperties) = preSolution
		HideSolutionNode = FALSE
	EndGlobalSection
	GlobalSection(ExtensibilityGlobals) = postSolution
		SolutionGuid = {3A6DF868-3400-4833-A15E-901837B5CE2C}
	EndGlobalSection
EndGlobal
